
Microsoft Visual Studio Solution File, Format Version 12.00
# Visual Studio Version 16
VisualStudioVersion = 16.0.30204.135
MinimumVisualStudioVersion = 10.0.40219.1
Project("{8BC9CEB8-8B4A-11D0-8D11-00A0C91BC942}") = "print_to_console", "print_to_console\print_to_console.vcxproj", "{15BDC609-C555-46FE-8057-3FB603B8A7F1}"
EndProject
Global
	GlobalSection(SolutionConfigurationPlatforms) = preSolution
		Debug|x64 = Debug|x64
		Debug|x86 = Debug|x86
		Release|x64 = Release|x64
		Release|x86 = Release|x86
	EndGlobalSection
	GlobalSection(ProjectConfigurationPlatforms) = postSolution
		{15BDC609-C555-46FE-8057-3FB603B8A7F1}.Debug|x64.ActiveCfg = Debug|x64
		{15BDC609-C555-46FE-8057-3FB603B8A7F1}.Debug|x64.Build.0 = Debug|x64
		{15BDC609-C555-46FE-8057-3FB603B8A7F1}.Debug|x86.ActiveCfg = Debug|Win32
		{15BDC609-C555-46FE-8057-3FB603B8A7F1}.Debug|x86.Build.0 = Debug|Win32
		{15BDC609-C555-46FE-8057-3FB603B8A7F1}.Release|x64.ActiveCfg = Release|x64
		{15BDC609-C555-46FE-8057-3FB603B8A7F1}.Release|x64.Build.0 = Release|x64
		{15BDC609-C555-46FE-8057-3FB603B8A7F1}.Release|x86.ActiveCfg = Release|Win32
		{15BDC609-C555-46FE-8057-3FB603B8A7F1}.Release|x86.Build.0 = Release|Win32
	EndGlobalSection
	GlobalSection(SolutionProperties) = preSolution
		HideSolutionNode = FALSE
	EndGlobalSection
	GlobalSection(ExtensibilityGlobals) = postSolution
		SolutionGuid = {A682E951-3152-4466-8E59-66EC511BDB4E}
	EndGlobalSection
EndGlobal
