
Microsoft Visual Studio Solution File, Format Version 12.00
# Visual Studio Version 16
VisualStudioVersion = 16.0.30204.135
MinimumVisualStudioVersion = 10.0.40219.1
Project("{8BC9CEB8-8B4A-11D0-8D11-00A0C91BC942}") = "ColoredBlocks", "ColoredBlocks\ColoredBlocks.vcxproj", "{955D2651-1936-447D-BB3F-45318E05BF3D}"
EndProject
Global
	GlobalSection(SolutionConfigurationPlatforms) = preSolution
		Debug|x64 = Debug|x64
		Debug|x86 = Debug|x86
		Release|x64 = Release|x64
		Release|x86 = Release|x86
	EndGlobalSection
	GlobalSection(ProjectConfigurationPlatforms) = postSolution
		{955D2651-1936-447D-BB3F-45318E05BF3D}.Debug|x64.ActiveCfg = Debug|x64
		{955D2651-1936-447D-BB3F-45318E05BF3D}.Debug|x64.Build.0 = Debug|x64
		{955D2651-1936-447D-BB3F-45318E05BF3D}.Debug|x86.ActiveCfg = Debug|Win32
		{955D2651-1936-447D-BB3F-45318E05BF3D}.Debug|x86.Build.0 = Debug|Win32
		{955D2651-1936-447D-BB3F-45318E05BF3D}.Release|x64.ActiveCfg = Release|x64
		{955D2651-1936-447D-BB3F-45318E05BF3D}.Release|x64.Build.0 = Release|x64
		{955D2651-1936-447D-BB3F-45318E05BF3D}.Release|x86.ActiveCfg = Release|Win32
		{955D2651-1936-447D-BB3F-45318E05BF3D}.Release|x86.Build.0 = Release|Win32
	EndGlobalSection
	GlobalSection(SolutionProperties) = preSolution
		HideSolutionNode = FALSE
	EndGlobalSection
	GlobalSection(ExtensibilityGlobals) = postSolution
		SolutionGuid = {F9F504CB-4E0D-4CCA-9AE4-F9EDAA71BB46}
	EndGlobalSection
EndGlobal
